
Microsoft Visual Studio Solution File, Format Version 12.00
# Visual Studio Version 16
VisualStudioVersion = 16.0.31624.102
MinimumVisualStudioVersion = 10.0.40219.1
Project("{FAE04EC0-301F-11D3-BF4B-00C04F79EFBC}") = "FormatoTexto", "FormatoTexto\FormatoTexto.csproj", "{22EE63CD-139C-4E25-90B6-4D9B9FD84C7A}"
EndProject
Global
	GlobalSection(SolutionConfigurationPlatforms) = preSolution
		Debug|Any CPU = Debug|Any CPU
		Release|Any CPU = Release|Any CPU
	EndGlobalSection
	GlobalSection(ProjectConfigurationPlatforms) = postSolution
		{22EE63CD-139C-4E25-90B6-4D9B9FD84C7A}.Debug|Any CPU.ActiveCfg = Debug|Any CPU
		{22EE63CD-139C-4E25-90B6-4D9B9FD84C7A}.Debug|Any CPU.Build.0 = Debug|Any CPU
		{22EE63CD-139C-4E25-90B6-4D9B9FD84C7A}.Release|Any CPU.ActiveCfg = Release|Any CPU
		{22EE63CD-139C-4E25-90B6-4D9B9FD84C7A}.Release|Any CPU.Build.0 = Release|Any CPU
	EndGlobalSection
	GlobalSection(SolutionProperties) = preSolution
		HideSolutionNode = FALSE
	EndGlobalSection
	GlobalSection(ExtensibilityGlobals) = postSolution
		SolutionGuid = {DF94D530-EF12-4792-A8B7-91488F06FEDF}
	EndGlobalSection
EndGlobal
